// !$*UTF8*$!
{
	archiveVersion = 1;
	classes = {
	};
	objectVersion = 50;
	objects = {

/* Begin PBXBuildFile section */
		14029A6C22857089009367F6 /* UILabel+Extensions.swift in Sources */ = {isa = PBXBuildFile; fileRef = 14029A6B22857089009367F6 /* UILabel+Extensions.swift */; };
		14114BE5227FE307005E161E /* HomeNavigationViewController.swift in Sources */ = {isa = PBXBuildFile; fileRef = 14114BE4227FE307005E161E /* HomeNavigationViewController.swift */; };
		141C4C4E2282DE4400C3DB0C /* PostCell.swift in Sources */ = {isa = PBXBuildFile; fileRef = 141C4C4D2282DE4400C3DB0C /* PostCell.swift */; };
		141C4C502282DE5D00C3DB0C /* Post.swift in Sources */ = {isa = PBXBuildFile; fileRef = 141C4C4F2282DE5D00C3DB0C /* Post.swift */; };
		141C4C522282DE7E00C3DB0C /* FetchPostsUseCase.swift in Sources */ = {isa = PBXBuildFile; fileRef = 141C4C512282DE7E00C3DB0C /* FetchPostsUseCase.swift */; };
		141C4C542282DE8E00C3DB0C /* PostCreatorView.swift in Sources */ = {isa = PBXBuildFile; fileRef = 141C4C532282DE8E00C3DB0C /* PostCreatorView.swift */; };
		141C4C562282DE9F00C3DB0C /* PostContentView.swift in Sources */ = {isa = PBXBuildFile; fileRef = 141C4C552282DE9F00C3DB0C /* PostContentView.swift */; };
		141C4C582282DEB200C3DB0C /* PostInteractionView.swift in Sources */ = {isa = PBXBuildFile; fileRef = 141C4C572282DEB200C3DB0C /* PostInteractionView.swift */; };
		141C4C5A2282F4AB00C3DB0C /* UIImage+Extension.swift in Sources */ = {isa = PBXBuildFile; fileRef = 141C4C592282F4AB00C3DB0C /* UIImage+Extension.swift */; };
		141FCF51228019BA00078ED3 /* GenericCollectionView.swift in Sources */ = {isa = PBXBuildFile; fileRef = 141FCF50228019BA00078ED3 /* GenericCollectionView.swift */; };
		14277E0A227C26E300FF362C /* UseCase.swift in Sources */ = {isa = PBXBuildFile; fileRef = 14277E09227C26E300FF362C /* UseCase.swift */; };
		14277E0C227C273E00FF362C /* LoginUseCase.swift in Sources */ = {isa = PBXBuildFile; fileRef = 14277E0B227C273E00FF362C /* LoginUseCase.swift */; };
		14277E0E227C283100FF362C /* LoginResponse.swift in Sources */ = {isa = PBXBuildFile; fileRef = 14277E0D227C283100FF362C /* LoginResponse.swift */; };
		14277E10227C289500FF362C /* User.swift in Sources */ = {isa = PBXBuildFile; fileRef = 14277E0F227C289500FF362C /* User.swift */; };
		14277E14227C439F00FF362C /* LoginButton.swift in Sources */ = {isa = PBXBuildFile; fileRef = 14277E13227C439F00FF362C /* LoginButton.swift */; };
		142991FA2272F79F00BC80DA /* AppDelegate.swift in Sources */ = {isa = PBXBuildFile; fileRef = 142991F92272F79F00BC80DA /* AppDelegate.swift */; };
		142992012272F7A100BC80DA /* Assets.xcassets in Resources */ = {isa = PBXBuildFile; fileRef = 142992002272F7A100BC80DA /* Assets.xcassets */; };
		142992042272F7A100BC80DA /* LaunchScreen.storyboard in Resources */ = {isa = PBXBuildFile; fileRef = 142992022272F7A100BC80DA /* LaunchScreen.storyboard */; };
		1429920F2272F7A100BC80DA /* Instagram_CloneTests.swift in Sources */ = {isa = PBXBuildFile; fileRef = 1429920E2272F7A100BC80DA /* Instagram_CloneTests.swift */; };
		1429921A2272F7A100BC80DA /* Instagram_CloneUITests.swift in Sources */ = {isa = PBXBuildFile; fileRef = 142992192272F7A100BC80DA /* Instagram_CloneUITests.swift */; };
		1429922A2272F85500BC80DA /* LoginScreenViewController.swift in Sources */ = {isa = PBXBuildFile; fileRef = 142992292272F85500BC80DA /* LoginScreenViewController.swift */; };
		1429922C2272F8EA00BC80DA /* LoginScreenView.swift in Sources */ = {isa = PBXBuildFile; fileRef = 1429922B2272F8EA00BC80DA /* LoginScreenView.swift */; };
		1429922E2272F91400BC80DA /* LoginProtocols.swift in Sources */ = {isa = PBXBuildFile; fileRef = 1429922D2272F91400BC80DA /* LoginProtocols.swift */; };
		143873B922803A78000B14F7 /* Story.swift in Sources */ = {isa = PBXBuildFile; fileRef = 143873B822803A78000B14F7 /* Story.swift */; };
		143873BB22803A99000B14F7 /* FetchStoriesUseCase.swift in Sources */ = {isa = PBXBuildFile; fileRef = 143873BA22803A99000B14F7 /* FetchStoriesUseCase.swift */; };
		143873BD22803AA8000B14F7 /* StoryCell.swift in Sources */ = {isa = PBXBuildFile; fileRef = 143873BC22803AA8000B14F7 /* StoryCell.swift */; };
		143873C12280525F000B14F7 /* YourStoryCell.swift in Sources */ = {isa = PBXBuildFile; fileRef = 143873C02280525F000B14F7 /* YourStoryCell.swift */; };
		14937BA322730C1600AD00F8 /* String+Extension.swift in Sources */ = {isa = PBXBuildFile; fileRef = 14937BA222730C1600AD00F8 /* String+Extension.swift */; };
		14937BA522730EBB00AD00F8 /* UIColor+Extension.swift in Sources */ = {isa = PBXBuildFile; fileRef = 14937BA422730EBB00AD00F8 /* UIColor+Extension.swift */; };
		14937BA822731A3900AD00F8 /* Spacing.swift in Sources */ = {isa = PBXBuildFile; fileRef = 14937BA722731A3900AD00F8 /* Spacing.swift */; };
		14981BE0227FD3EB0024BCEB /* BaseViewController.swift in Sources */ = {isa = PBXBuildFile; fileRef = 14981BDF227FD3EB0024BCEB /* BaseViewController.swift */; };
		14A58EC0227FFF2D00183A98 /* NotificationScreenViewController.swift in Sources */ = {isa = PBXBuildFile; fileRef = 14A58EBF227FFF2D00183A98 /* NotificationScreenViewController.swift */; };
		14A58EC2227FFF3800183A98 /* ProfileScreenViewController.swift in Sources */ = {isa = PBXBuildFile; fileRef = 14A58EC1227FFF3800183A98 /* ProfileScreenViewController.swift */; };
		14A58EC4227FFF4200183A98 /* CreateScreenViewController.swift in Sources */ = {isa = PBXBuildFile; fileRef = 14A58EC3227FFF4200183A98 /* CreateScreenViewController.swift */; };
		14A58EC6227FFF4C00183A98 /* SearchScreenViewController.swift in Sources */ = {isa = PBXBuildFile; fileRef = 14A58EC5227FFF4C00183A98 /* SearchScreenViewController.swift */; };
		14A58EC8227FFF5C00183A98 /* FeedScreenViewController.swift in Sources */ = {isa = PBXBuildFile; fileRef = 14A58EC7227FFF5C00183A98 /* FeedScreenViewController.swift */; };
		14A58ECA22800F4C00183A98 /* PostViewController.swift in Sources */ = {isa = PBXBuildFile; fileRef = 14A58EC922800F4C00183A98 /* PostViewController.swift */; };
		14A58ECC22800F5D00183A98 /* StoryViewController.swift in Sources */ = {isa = PBXBuildFile; fileRef = 14A58ECB22800F5D00183A98 /* StoryViewController.swift */; };
		14BE625B2285115A007FBE77 /* UIView+Extensions.swift in Sources */ = {isa = PBXBuildFile; fileRef = 14BE625A2285115A007FBE77 /* UIView+Extensions.swift */; };
		14BE625D22852216007FBE77 /* UIImageView+Extensions.swift in Sources */ = {isa = PBXBuildFile; fileRef = 14BE625C22852216007FBE77 /* UIImageView+Extensions.swift */; };
		14BE625F228527ED007FBE77 /* UIButton+Extensions.swift in Sources */ = {isa = PBXBuildFile; fileRef = 14BE625E228527ED007FBE77 /* UIButton+Extensions.swift */; };
		22C920100F05E7C64B1D3119 /* Pods_Instagram_CloneTests.framework in Frameworks */ = {isa = PBXBuildFile; fileRef = D178054E3A39ABF83E444A72 /* Pods_Instagram_CloneTests.framework */; };
		BDD7184E248934049230AC64 /* Pods_Instagram_CloneUITests.framework in Frameworks */ = {isa = PBXBuildFile; fileRef = EF2FB396BBA7BAE7D4B5F775 /* Pods_Instagram_CloneUITests.framework */; };
		E60E68AEA791ECD998BBDD5D /* Pods_Instagram_Clone.framework in Frameworks */ = {isa = PBXBuildFile; fileRef = 998A7F785396E50907A74FB7 /* Pods_Instagram_Clone.framework */; };
/* End PBXBuildFile section */

/* Begin PBXContainerItemProxy section */
		1429920B2272F7A100BC80DA /* PBXContainerItemProxy */ = {
			isa = PBXContainerItemProxy;
			containerPortal = 142991EE2272F79F00BC80DA /* Project object */;
			proxyType = 1;
			remoteGlobalIDString = 142991F52272F79F00BC80DA;
			remoteInfo = "Instagram Clone";
		};
		142992162272F7A100BC80DA /* PBXContainerItemProxy */ = {
			isa = PBXContainerItemProxy;
			containerPortal = 142991EE2272F79F00BC80DA /* Project object */;
			proxyType = 1;
			remoteGlobalIDString = 142991F52272F79F00BC80DA;
			remoteInfo = "Instagram Clone";
		};
/* End PBXContainerItemProxy section */

/* Begin PBXFileReference section */
		03F5029DF94966790E4B9147 /* Pods-Instagram Clone.release.xcconfig */ = {isa = PBXFileReference; includeInIndex = 1; lastKnownFileType = text.xcconfig; name = "Pods-Instagram Clone.release.xcconfig"; path = "Pods/Target Support Files/Pods-Instagram Clone/Pods-Instagram Clone.release.xcconfig"; sourceTree = "<group>"; };
		14029A6B22857089009367F6 /* UILabel+Extensions.swift */ = {isa = PBXFileReference; lastKnownFileType = sourcecode.swift; path = "UILabel+Extensions.swift"; sourceTree = "<group>"; };
		14114BE4227FE307005E161E /* HomeNavigationViewController.swift */ = {isa = PBXFileReference; lastKnownFileType = sourcecode.swift; path = HomeNavigationViewController.swift; sourceTree = "<group>"; };
		141C4C4D2282DE4400C3DB0C /* PostCell.swift */ = {isa = PBXFileReference; lastKnownFileType = sourcecode.swift; path = PostCell.swift; sourceTree = "<group>"; };
		141C4C4F2282DE5D00C3DB0C /* Post.swift */ = {isa = PBXFileReference; lastKnownFileType = sourcecode.swift; path = Post.swift; sourceTree = "<group>"; };
		141C4C512282DE7E00C3DB0C /* FetchPostsUseCase.swift */ = {isa = PBXFileReference; lastKnownFileType = sourcecode.swift; path = FetchPostsUseCase.swift; sourceTree = "<group>"; };
		141C4C532282DE8E00C3DB0C /* PostCreatorView.swift */ = {isa = PBXFileReference; lastKnownFileType = sourcecode.swift; path = PostCreatorView.swift; sourceTree = "<group>"; };
		141C4C552282DE9F00C3DB0C /* PostContentView.swift */ = {isa = PBXFileReference; lastKnownFileType = sourcecode.swift; path = PostContentView.swift; sourceTree = "<group>"; };
		141C4C572282DEB200C3DB0C /* PostInteractionView.swift */ = {isa = PBXFileReference; lastKnownFileType = sourcecode.swift; path = PostInteractionView.swift; sourceTree = "<group>"; };
		141C4C592282F4AB00C3DB0C /* UIImage+Extension.swift */ = {isa = PBXFileReference; lastKnownFileType = sourcecode.swift; path = "UIImage+Extension.swift"; sourceTree = "<group>"; };
		141FCF50228019BA00078ED3 /* GenericCollectionView.swift */ = {isa = PBXFileReference; lastKnownFileType = sourcecode.swift; path = GenericCollectionView.swift; sourceTree = "<group>"; };
		14277E09227C26E300FF362C /* UseCase.swift */ = {isa = PBXFileReference; lastKnownFileType = sourcecode.swift; path = UseCase.swift; sourceTree = "<group>"; };
		14277E0B227C273E00FF362C /* LoginUseCase.swift */ = {isa = PBXFileReference; lastKnownFileType = sourcecode.swift; path = LoginUseCase.swift; sourceTree = "<group>"; };
		14277E0D227C283100FF362C /* LoginResponse.swift */ = {isa = PBXFileReference; lastKnownFileType = sourcecode.swift; path = LoginResponse.swift; sourceTree = "<group>"; };
		14277E0F227C289500FF362C /* User.swift */ = {isa = PBXFileReference; lastKnownFileType = sourcecode.swift; path = User.swift; sourceTree = "<group>"; };
		14277E13227C439F00FF362C /* LoginButton.swift */ = {isa = PBXFileReference; lastKnownFileType = sourcecode.swift; path = LoginButton.swift; sourceTree = "<group>"; };
		142991F62272F79F00BC80DA /* Instagram Clone.app */ = {isa = PBXFileReference; explicitFileType = wrapper.application; includeInIndex = 0; path = "Instagram Clone.app"; sourceTree = BUILT_PRODUCTS_DIR; };
		142991F92272F79F00BC80DA /* AppDelegate.swift */ = {isa = PBXFileReference; lastKnownFileType = sourcecode.swift; path = AppDelegate.swift; sourceTree = "<group>"; };
		142992002272F7A100BC80DA /* Assets.xcassets */ = {isa = PBXFileReference; lastKnownFileType = folder.assetcatalog; path = Assets.xcassets; sourceTree = "<group>"; };
		142992032272F7A100BC80DA /* Base */ = {isa = PBXFileReference; lastKnownFileType = file.storyboard; name = Base; path = Base.lproj/LaunchScreen.storyboard; sourceTree = "<group>"; };
		142992052272F7A100BC80DA /* Info.plist */ = {isa = PBXFileReference; lastKnownFileType = text.plist.xml; path = Info.plist; sourceTree = "<group>"; };
		1429920A2272F7A100BC80DA /* Instagram CloneTests.xctest */ = {isa = PBXFileReference; explicitFileType = wrapper.cfbundle; includeInIndex = 0; path = "Instagram CloneTests.xctest"; sourceTree = BUILT_PRODUCTS_DIR; };
		1429920E2272F7A100BC80DA /* Instagram_CloneTests.swift */ = {isa = PBXFileReference; lastKnownFileType = sourcecode.swift; path = Instagram_CloneTests.swift; sourceTree = "<group>"; };
		142992102272F7A100BC80DA /* Info.plist */ = {isa = PBXFileReference; lastKnownFileType = text.plist.xml; path = Info.plist; sourceTree = "<group>"; };
		142992152272F7A100BC80DA /* Instagram CloneUITests.xctest */ = {isa = PBXFileReference; explicitFileType = wrapper.cfbundle; includeInIndex = 0; path = "Instagram CloneUITests.xctest"; sourceTree = BUILT_PRODUCTS_DIR; };
		142992192272F7A100BC80DA /* Instagram_CloneUITests.swift */ = {isa = PBXFileReference; lastKnownFileType = sourcecode.swift; path = Instagram_CloneUITests.swift; sourceTree = "<group>"; };
		1429921B2272F7A100BC80DA /* Info.plist */ = {isa = PBXFileReference; lastKnownFileType = text.plist.xml; path = Info.plist; sourceTree = "<group>"; };
		142992292272F85500BC80DA /* LoginScreenViewController.swift */ = {isa = PBXFileReference; lastKnownFileType = sourcecode.swift; path = LoginScreenViewController.swift; sourceTree = "<group>"; };
		1429922B2272F8EA00BC80DA /* LoginScreenView.swift */ = {isa = PBXFileReference; lastKnownFileType = sourcecode.swift; path = LoginScreenView.swift; sourceTree = "<group>"; };
		1429922D2272F91400BC80DA /* LoginProtocols.swift */ = {isa = PBXFileReference; lastKnownFileType = sourcecode.swift; path = LoginProtocols.swift; sourceTree = "<group>"; };
		143873B822803A78000B14F7 /* Story.swift */ = {isa = PBXFileReference; lastKnownFileType = sourcecode.swift; path = Story.swift; sourceTree = "<group>"; };
		143873BA22803A99000B14F7 /* FetchStoriesUseCase.swift */ = {isa = PBXFileReference; lastKnownFileType = sourcecode.swift; path = FetchStoriesUseCase.swift; sourceTree = "<group>"; };
		143873BC22803AA8000B14F7 /* StoryCell.swift */ = {isa = PBXFileReference; lastKnownFileType = sourcecode.swift; path = StoryCell.swift; sourceTree = "<group>"; };
		143873C02280525F000B14F7 /* YourStoryCell.swift */ = {isa = PBXFileReference; lastKnownFileType = sourcecode.swift; path = YourStoryCell.swift; sourceTree = "<group>"; };
		14937BA222730C1600AD00F8 /* String+Extension.swift */ = {isa = PBXFileReference; lastKnownFileType = sourcecode.swift; path = "String+Extension.swift"; sourceTree = "<group>"; };
		14937BA422730EBB00AD00F8 /* UIColor+Extension.swift */ = {isa = PBXFileReference; lastKnownFileType = sourcecode.swift; path = "UIColor+Extension.swift"; sourceTree = "<group>"; };
		14937BA722731A3900AD00F8 /* Spacing.swift */ = {isa = PBXFileReference; lastKnownFileType = sourcecode.swift; path = Spacing.swift; sourceTree = "<group>"; };
		14981BDF227FD3EB0024BCEB /* BaseViewController.swift */ = {isa = PBXFileReference; lastKnownFileType = sourcecode.swift; path = BaseViewController.swift; sourceTree = "<group>"; };
		14A58EBF227FFF2D00183A98 /* NotificationScreenViewController.swift */ = {isa = PBXFileReference; lastKnownFileType = sourcecode.swift; path = NotificationScreenViewController.swift; sourceTree = "<group>"; };
		14A58EC1227FFF3800183A98 /* ProfileScreenViewController.swift */ = {isa = PBXFileReference; lastKnownFileType = sourcecode.swift; path = ProfileScreenViewController.swift; sourceTree = "<group>"; };
		14A58EC3227FFF4200183A98 /* CreateScreenViewController.swift */ = {isa = PBXFileReference; lastKnownFileType = sourcecode.swift; path = CreateScreenViewController.swift; sourceTree = "<group>"; };
		14A58EC5227FFF4C00183A98 /* SearchScreenViewController.swift */ = {isa = PBXFileReference; lastKnownFileType = sourcecode.swift; path = SearchScreenViewController.swift; sourceTree = "<group>"; };
		14A58EC7227FFF5C00183A98 /* FeedScreenViewController.swift */ = {isa = PBXFileReference; lastKnownFileType = sourcecode.swift; path = FeedScreenViewController.swift; sourceTree = "<group>"; };
		14A58EC922800F4C00183A98 /* PostViewController.swift */ = {isa = PBXFileReference; lastKnownFileType = sourcecode.swift; path = PostViewController.swift; sourceTree = "<group>"; };
		14A58ECB22800F5D00183A98 /* StoryViewController.swift */ = {isa = PBXFileReference; lastKnownFileType = sourcecode.swift; path = StoryViewController.swift; sourceTree = "<group>"; };
		14BE625A2285115A007FBE77 /* UIView+Extensions.swift */ = {isa = PBXFileReference; lastKnownFileType = sourcecode.swift; path = "UIView+Extensions.swift"; sourceTree = "<group>"; };
		14BE625C22852216007FBE77 /* UIImageView+Extensions.swift */ = {isa = PBXFileReference; lastKnownFileType = sourcecode.swift; path = "UIImageView+Extensions.swift"; sourceTree = "<group>"; };
		14BE625E228527ED007FBE77 /* UIButton+Extensions.swift */ = {isa = PBXFileReference; lastKnownFileType = sourcecode.swift; path = "UIButton+Extensions.swift"; sourceTree = "<group>"; };
		1E543D0C5A54A7F0FEBD87AB /* Pods-Instagram CloneTests.debug.xcconfig */ = {isa = PBXFileReference; includeInIndex = 1; lastKnownFileType = text.xcconfig; name = "Pods-Instagram CloneTests.debug.xcconfig"; path = "Pods/Target Support Files/Pods-Instagram CloneTests/Pods-Instagram CloneTests.debug.xcconfig"; sourceTree = "<group>"; };
		5FDB21AB0E6D8C36F240696D /* Pods-Instagram CloneUITests.release.xcconfig */ = {isa = PBXFileReference; includeInIndex = 1; lastKnownFileType = text.xcconfig; name = "Pods-Instagram CloneUITests.release.xcconfig"; path = "Pods/Target Support Files/Pods-Instagram CloneUITests/Pods-Instagram CloneUITests.release.xcconfig"; sourceTree = "<group>"; };
		7E66529142AAE7FDD7589FDE /* Pods-Instagram CloneUITests.debug.xcconfig */ = {isa = PBXFileReference; includeInIndex = 1; lastKnownFileType = text.xcconfig; name = "Pods-Instagram CloneUITests.debug.xcconfig"; path = "Pods/Target Support Files/Pods-Instagram CloneUITests/Pods-Instagram CloneUITests.debug.xcconfig"; sourceTree = "<group>"; };
		998A7F785396E50907A74FB7 /* Pods_Instagram_Clone.framework */ = {isa = PBXFileReference; explicitFileType = wrapper.framework; includeInIndex = 0; path = Pods_Instagram_Clone.framework; sourceTree = BUILT_PRODUCTS_DIR; };
		A05DBCE4800D505DA54785FB /* Pods-Instagram Clone.debug.xcconfig */ = {isa = PBXFileReference; includeInIndex = 1; lastKnownFileType = text.xcconfig; name = "Pods-Instagram Clone.debug.xcconfig"; path = "Pods/Target Support Files/Pods-Instagram Clone/Pods-Instagram Clone.debug.xcconfig"; sourceTree = "<group>"; };
		BCF808278B770BA24D46EA6F /* Pods-Instagram CloneTests.release.xcconfig */ = {isa = PBXFileReference; includeInIndex = 1; lastKnownFileType = text.xcconfig; name = "Pods-Instagram CloneTests.release.xcconfig"; path = "Pods/Target Support Files/Pods-Instagram CloneTests/Pods-Instagram CloneTests.release.xcconfig"; sourceTree = "<group>"; };
		D178054E3A39ABF83E444A72 /* Pods_Instagram_CloneTests.framework */ = {isa = PBXFileReference; explicitFileType = wrapper.framework; includeInIndex = 0; path = Pods_Instagram_CloneTests.framework; sourceTree = BUILT_PRODUCTS_DIR; };
		EF2FB396BBA7BAE7D4B5F775 /* Pods_Instagram_CloneUITests.framework */ = {isa = PBXFileReference; explicitFileType = wrapper.framework; includeInIndex = 0; path = Pods_Instagram_CloneUITests.framework; sourceTree = BUILT_PRODUCTS_DIR; };
/* End PBXFileReference section */

/* Begin PBXFrameworksBuildPhase section */
		142991F32272F79F00BC80DA /* Frameworks */ = {
			isa = PBXFrameworksBuildPhase;
			buildActionMask = 2147483647;
			files = (
				E60E68AEA791ECD998BBDD5D /* Pods_Instagram_Clone.framework in Frameworks */,
			);
			runOnlyForDeploymentPostprocessing = 0;
		};
		142992072272F7A100BC80DA /* Frameworks */ = {
			isa = PBXFrameworksBuildPhase;
			buildActionMask = 2147483647;
			files = (
				22C920100F05E7C64B1D3119 /* Pods_Instagram_CloneTests.framework in Frameworks */,
			);
			runOnlyForDeploymentPostprocessing = 0;
		};
		142992122272F7A100BC80DA /* Frameworks */ = {
			isa = PBXFrameworksBuildPhase;
			buildActionMask = 2147483647;
			files = (
				BDD7184E248934049230AC64 /* Pods_Instagram_CloneUITests.framework in Frameworks */,
			);
			runOnlyForDeploymentPostprocessing = 0;
		};
/* End PBXFrameworksBuildPhase section */

/* Begin PBXGroup section */
		141C4C4C2282DD9900C3DB0C /* Post */ = {
			isa = PBXGroup;
			children = (
				14A58EC922800F4C00183A98 /* PostViewController.swift */,
				141C4C4D2282DE4400C3DB0C /* PostCell.swift */,
				141C4C512282DE7E00C3DB0C /* FetchPostsUseCase.swift */,
				141C4C532282DE8E00C3DB0C /* PostCreatorView.swift */,
				141C4C552282DE9F00C3DB0C /* PostContentView.swift */,
				141C4C572282DEB200C3DB0C /* PostInteractionView.swift */,
			);
			path = Post;
			sourceTree = "<group>";
		};
		142991ED2272F79F00BC80DA = {
			isa = PBXGroup;
			children = (
				142991F82272F79F00BC80DA /* Instagram Clone */,
				1429920D2272F7A100BC80DA /* Instagram CloneTests */,
				142992182272F7A100BC80DA /* Instagram CloneUITests */,
				142991F72272F79F00BC80DA /* Products */,
				2601E53F7940060CEAEE5591 /* Pods */,
				6ADEE26B586A0C3347272420 /* Frameworks */,
			);
			sourceTree = "<group>";
		};
		142991F72272F79F00BC80DA /* Products */ = {
			isa = PBXGroup;
			children = (
				142991F62272F79F00BC80DA /* Instagram Clone.app */,
				1429920A2272F7A100BC80DA /* Instagram CloneTests.xctest */,
				142992152272F7A100BC80DA /* Instagram CloneUITests.xctest */,
			);
			name = Products;
			sourceTree = "<group>";
		};
		142991F82272F79F00BC80DA /* Instagram Clone */ = {
			isa = PBXGroup;
			children = (
				142992272272F7DA00BC80DA /* Application */,
				14937BA122730C0500AD00F8 /* Helper */,
				142992282272F7E500BC80DA /* LoginScreen */,
				14981BE3227FE2870024BCEB /* HomeScreen */,
				14A58EBE227FFF0E00183A98 /* NotificationScreen */,
				14A58EBD227FFDCC00183A98 /* ProfileScreen */,
				14A58EBC227FFDC100183A98 /* CreateScreen */,
				14A58EBB227FFDBA00183A98 /* SearchScreen */,
				14A58EBA227FFDB500183A98 /* FeedScreen */,
				142992002272F7A100BC80DA /* Assets.xcassets */,
				142992022272F7A100BC80DA /* LaunchScreen.storyboard */,
				142992052272F7A100BC80DA /* Info.plist */,
			);
			path = "Instagram Clone";
			sourceTree = "<group>";
		};
		1429920D2272F7A100BC80DA /* Instagram CloneTests */ = {
			isa = PBXGroup;
			children = (
				1429920E2272F7A100BC80DA /* Instagram_CloneTests.swift */,
				142992102272F7A100BC80DA /* Info.plist */,
			);
			path = "Instagram CloneTests";
			sourceTree = "<group>";
		};
		142992182272F7A100BC80DA /* Instagram CloneUITests */ = {
			isa = PBXGroup;
			children = (
				142992192272F7A100BC80DA /* Instagram_CloneUITests.swift */,
				1429921B2272F7A100BC80DA /* Info.plist */,
			);
			path = "Instagram CloneUITests";
			sourceTree = "<group>";
		};
		142992272272F7DA00BC80DA /* Application */ = {
			isa = PBXGroup;
			children = (
				142991F92272F79F00BC80DA /* AppDelegate.swift */,
				14277E0F227C289500FF362C /* User.swift */,
				143873B822803A78000B14F7 /* Story.swift */,
				141C4C4F2282DE5D00C3DB0C /* Post.swift */,
			);
			path = Application;
			sourceTree = "<group>";
		};
		142992282272F7E500BC80DA /* LoginScreen */ = {
			isa = PBXGroup;
			children = (
				142992292272F85500BC80DA /* LoginScreenViewController.swift */,
				1429922B2272F8EA00BC80DA /* LoginScreenView.swift */,
				1429922D2272F91400BC80DA /* LoginProtocols.swift */,
				14277E0B227C273E00FF362C /* LoginUseCase.swift */,
				14277E0D227C283100FF362C /* LoginResponse.swift */,
			);
			path = LoginScreen;
			sourceTree = "<group>";
		};
		143873BE22803ABB000B14F7 /* Story */ = {
			isa = PBXGroup;
			children = (
				14A58ECB22800F5D00183A98 /* StoryViewController.swift */,
				143873BA22803A99000B14F7 /* FetchStoriesUseCase.swift */,
				143873BC22803AA8000B14F7 /* StoryCell.swift */,
				143873C02280525F000B14F7 /* YourStoryCell.swift */,
			);
			path = Story;
			sourceTree = "<group>";
		};
		14937BA122730C0500AD00F8 /* Helper */ = {
			isa = PBXGroup;
			children = (
				14937BA222730C1600AD00F8 /* String+Extension.swift */,
				14937BA422730EBB00AD00F8 /* UIColor+Extension.swift */,
				14937BA722731A3900AD00F8 /* Spacing.swift */,
				14277E09227C26E300FF362C /* UseCase.swift */,
				14277E13227C439F00FF362C /* LoginButton.swift */,
				14981BDF227FD3EB0024BCEB /* BaseViewController.swift */,
				141FCF50228019BA00078ED3 /* GenericCollectionView.swift */,
				141C4C592282F4AB00C3DB0C /* UIImage+Extension.swift */,
				14BE625A2285115A007FBE77 /* UIView+Extensions.swift */,
				14BE625C22852216007FBE77 /* UIImageView+Extensions.swift */,
				14BE625E228527ED007FBE77 /* UIButton+Extensions.swift */,
				14029A6B22857089009367F6 /* UILabel+Extensions.swift */,
			);
			path = Helper;
			sourceTree = "<group>";
		};
		14981BE3227FE2870024BCEB /* HomeScreen */ = {
			isa = PBXGroup;
			children = (
				14114BE4227FE307005E161E /* HomeNavigationViewController.swift */,
			);
			path = HomeScreen;
			sourceTree = "<group>";
		};
		14A58EBA227FFDB500183A98 /* FeedScreen */ = {
			isa = PBXGroup;
			children = (
				141C4C4C2282DD9900C3DB0C /* Post */,
				143873BE22803ABB000B14F7 /* Story */,
				14A58EC7227FFF5C00183A98 /* FeedScreenViewController.swift */,
			);
			path = FeedScreen;
			sourceTree = "<group>";
		};
		14A58EBB227FFDBA00183A98 /* SearchScreen */ = {
			isa = PBXGroup;
			children = (
				14A58EC5227FFF4C00183A98 /* SearchScreenViewController.swift */,
			);
			path = SearchScreen;
			sourceTree = "<group>";
		};
		14A58EBC227FFDC100183A98 /* CreateScreen */ = {
			isa = PBXGroup;
			children = (
				14A58EC3227FFF4200183A98 /* CreateScreenViewController.swift */,
			);
			path = CreateScreen;
			sourceTree = "<group>";
		};
		14A58EBD227FFDCC00183A98 /* ProfileScreen */ = {
			isa = PBXGroup;
			children = (
				14A58EC1227FFF3800183A98 /* ProfileScreenViewController.swift */,
			);
			path = ProfileScreen;
			sourceTree = "<group>";
		};
		14A58EBE227FFF0E00183A98 /* NotificationScreen */ = {
			isa = PBXGroup;
			children = (
				14A58EBF227FFF2D00183A98 /* NotificationScreenViewController.swift */,
			);
			path = NotificationScreen;
			sourceTree = "<group>";
		};
		2601E53F7940060CEAEE5591 /* Pods */ = {
			isa = PBXGroup;
			children = (
				A05DBCE4800D505DA54785FB /* Pods-Instagram Clone.debug.xcconfig */,
				03F5029DF94966790E4B9147 /* Pods-Instagram Clone.release.xcconfig */,
				1E543D0C5A54A7F0FEBD87AB /* Pods-Instagram CloneTests.debug.xcconfig */,
				BCF808278B770BA24D46EA6F /* Pods-Instagram CloneTests.release.xcconfig */,
				7E66529142AAE7FDD7589FDE /* Pods-Instagram CloneUITests.debug.xcconfig */,
				5FDB21AB0E6D8C36F240696D /* Pods-Instagram CloneUITests.release.xcconfig */,
			);
			name = Pods;
			sourceTree = "<group>";
		};
		6ADEE26B586A0C3347272420 /* Frameworks */ = {
			isa = PBXGroup;
			children = (
				998A7F785396E50907A74FB7 /* Pods_Instagram_Clone.framework */,
				D178054E3A39ABF83E444A72 /* Pods_Instagram_CloneTests.framework */,
				EF2FB396BBA7BAE7D4B5F775 /* Pods_Instagram_CloneUITests.framework */,
			);
			name = Frameworks;
			sourceTree = "<group>";
		};
/* End PBXGroup section */

/* Begin PBXNativeTarget section */
		142991F52272F79F00BC80DA /* Instagram Clone */ = {
			isa = PBXNativeTarget;
			buildConfigurationList = 1429921E2272F7A100BC80DA /* Build configuration list for PBXNativeTarget "Instagram Clone" */;
			buildPhases = (
				AF46DAFA9C3456EAC967C9B4 /* [CP] Check Pods Manifest.lock */,
				142991F22272F79F00BC80DA /* Sources */,
				142991F32272F79F00BC80DA /* Frameworks */,
				142991F42272F79F00BC80DA /* Resources */,
				7DFC5588E96D5EC0AA9E08F1 /* [CP] Embed Pods Frameworks */,
			);
			buildRules = (
			);
			dependencies = (
			);
			name = "Instagram Clone";
			productName = "Instagram Clone";
			productReference = 142991F62272F79F00BC80DA /* Instagram Clone.app */;
			productType = "com.apple.product-type.application";
		};
		142992092272F7A100BC80DA /* Instagram CloneTests */ = {
			isa = PBXNativeTarget;
			buildConfigurationList = 142992212272F7A100BC80DA /* Build configuration list for PBXNativeTarget "Instagram CloneTests" */;
			buildPhases = (
				1FA38BECD3D061601BB2D444 /* [CP] Check Pods Manifest.lock */,
				142992062272F7A100BC80DA /* Sources */,
				142992072272F7A100BC80DA /* Frameworks */,
				142992082272F7A100BC80DA /* Resources */,
			);
			buildRules = (
			);
			dependencies = (
				1429920C2272F7A100BC80DA /* PBXTargetDependency */,
			);
			name = "Instagram CloneTests";
			productName = "Instagram CloneTests";
			productReference = 1429920A2272F7A100BC80DA /* Instagram CloneTests.xctest */;
			productType = "com.apple.product-type.bundle.unit-test";
		};
		142992142272F7A100BC80DA /* Instagram CloneUITests */ = {
			isa = PBXNativeTarget;
			buildConfigurationList = 142992242272F7A100BC80DA /* Build configuration list for PBXNativeTarget "Instagram CloneUITests" */;
			buildPhases = (
				8BB5FB67CB54637F0B8DAED9 /* [CP] Check Pods Manifest.lock */,
				142992112272F7A100BC80DA /* Sources */,
				142992122272F7A100BC80DA /* Frameworks */,
				142992132272F7A100BC80DA /* Resources */,
			);
			buildRules = (
			);
			dependencies = (
				142992172272F7A100BC80DA /* PBXTargetDependency */,
			);
			name = "Instagram CloneUITests";
			productName = "Instagram CloneUITests";
			productReference = 142992152272F7A100BC80DA /* Instagram CloneUITests.xctest */;
			productType = "com.apple.product-type.bundle.ui-testing";
		};
/* End PBXNativeTarget section */

/* Begin PBXProject section */
		142991EE2272F79F00BC80DA /* Project object */ = {
			isa = PBXProject;
			attributes = {
				LastSwiftUpdateCheck = 1020;
				LastUpgradeCheck = 1020;
				ORGANIZATIONNAME = "Le Duy Bach";
				TargetAttributes = {
					142991F52272F79F00BC80DA = {
						CreatedOnToolsVersion = 10.2.1;
					};
					142992092272F7A100BC80DA = {
						CreatedOnToolsVersion = 10.2.1;
						TestTargetID = 142991F52272F79F00BC80DA;
					};
					142992142272F7A100BC80DA = {
						CreatedOnToolsVersion = 10.2.1;
						TestTargetID = 142991F52272F79F00BC80DA;
					};
				};
			};
			buildConfigurationList = 142991F12272F79F00BC80DA /* Build configuration list for PBXProject "Instagram Clone" */;
			compatibilityVersion = "Xcode 9.3";
			developmentRegion = en;
			hasScannedForEncodings = 0;
			knownRegions = (
				en,
				Base,
			);
			mainGroup = 142991ED2272F79F00BC80DA;
			productRefGroup = 142991F72272F79F00BC80DA /* Products */;
			projectDirPath = "";
			projectRoot = "";
			targets = (
				142991F52272F79F00BC80DA /* Instagram Clone */,
				142992092272F7A100BC80DA /* Instagram CloneTests */,
				142992142272F7A100BC80DA /* Instagram CloneUITests */,
			);
		};
/* End PBXProject section */

/* Begin PBXResourcesBuildPhase section */
		142991F42272F79F00BC80DA /* Resources */ = {
			isa = PBXResourcesBuildPhase;
			buildActionMask = 2147483647;
			files = (
				142992042272F7A100BC80DA /* LaunchScreen.storyboard in Resources */,
				142992012272F7A100BC80DA /* Assets.xcassets in Resources */,
			);
			runOnlyForDeploymentPostprocessing = 0;
		};
		142992082272F7A100BC80DA /* Resources */ = {
			isa = PBXResourcesBuildPhase;
			buildActionMask = 2147483647;
			files = (
			);
			runOnlyForDeploymentPostprocessing = 0;
		};
		142992132272F7A100BC80DA /* Resources */ = {
			isa = PBXResourcesBuildPhase;
			buildActionMask = 2147483647;
			files = (
			);
			runOnlyForDeploymentPostprocessing = 0;
		};
/* End PBXResourcesBuildPhase section */

/* Begin PBXShellScriptBuildPhase section */
		1FA38BECD3D061601BB2D444 /* [CP] Check Pods Manifest.lock */ = {
			isa = PBXShellScriptBuildPhase;
			buildActionMask = 2147483647;
			files = (
			);
			inputPaths = (
				"${PODS_PODFILE_DIR_PATH}/Podfile.lock",
				"${PODS_ROOT}/Manifest.lock",
			);
			name = "[CP] Check Pods Manifest.lock";
			outputPaths = (
				"$(DERIVED_FILE_DIR)/Pods-Instagram CloneTests-checkManifestLockResult.txt",
			);
			runOnlyForDeploymentPostprocessing = 0;
			shellPath = /bin/sh;
			shellScript = "diff \"${PODS_PODFILE_DIR_PATH}/Podfile.lock\" \"${PODS_ROOT}/Manifest.lock\" > /dev/null\nif [ $? != 0 ] ; then\n    # print error to STDERR\n    echo \"error: The sandbox is not in sync with the Podfile.lock. Run 'pod install' or update your CocoaPods installation.\" >&2\n    exit 1\nfi\n# This output is used by Xcode 'outputs' to avoid re-running this script phase.\necho \"SUCCESS\" > \"${SCRIPT_OUTPUT_FILE_0}\"\n";
			showEnvVarsInLog = 0;
		};
		7DFC5588E96D5EC0AA9E08F1 /* [CP] Embed Pods Frameworks */ = {
			isa = PBXShellScriptBuildPhase;
			buildActionMask = 2147483647;
			files = (
			);
			inputPaths = (
				"${SRCROOT}/Pods/Target Support Files/Pods-Instagram Clone/Pods-Instagram Clone-frameworks.sh",
				"${BUILT_PRODUCTS_DIR}/Kingfisher/Kingfisher.framework",
			);
			name = "[CP] Embed Pods Frameworks";
			outputPaths = (
				"${TARGET_BUILD_DIR}/${FRAMEWORKS_FOLDER_PATH}/Kingfisher.framework",
			);
			runOnlyForDeploymentPostprocessing = 0;
			shellPath = /bin/sh;
			shellScript = "\"${SRCROOT}/Pods/Target Support Files/Pods-Instagram Clone/Pods-Instagram Clone-frameworks.sh\"\n";
			showEnvVarsInLog = 0;
		};
		8BB5FB67CB54637F0B8DAED9 /* [CP] Check Pods Manifest.lock */ = {
			isa = PBXShellScriptBuildPhase;
			buildActionMask = 2147483647;
			files = (
			);
			inputPaths = (
				"${PODS_PODFILE_DIR_PATH}/Podfile.lock",
				"${PODS_ROOT}/Manifest.lock",
			);
			name = "[CP] Check Pods Manifest.lock";
			outputPaths = (
				"$(DERIVED_FILE_DIR)/Pods-Instagram CloneUITests-checkManifestLockResult.txt",
			);
			runOnlyForDeploymentPostprocessing = 0;
			shellPath = /bin/sh;
			shellScript = "diff \"${PODS_PODFILE_DIR_PATH}/Podfile.lock\" \"${PODS_ROOT}/Manifest.lock\" > /dev/null\nif [ $? != 0 ] ; then\n    # print error to STDERR\n    echo \"error: The sandbox is not in sync with the Podfile.lock. Run 'pod install' or update your CocoaPods installation.\" >&2\n    exit 1\nfi\n# This output is used by Xcode 'outputs' to avoid re-running this script phase.\necho \"SUCCESS\" > \"${SCRIPT_OUTPUT_FILE_0}\"\n";
			showEnvVarsInLog = 0;
		};
		AF46DAFA9C3456EAC967C9B4 /* [CP] Check Pods Manifest.lock */ = {
			isa = PBXShellScriptBuildPhase;
			buildActionMask = 2147483647;
			files = (
			);
			inputPaths = (
				"${PODS_PODFILE_DIR_PATH}/Podfile.lock",
				"${PODS_ROOT}/Manifest.lock",
			);
			name = "[CP] Check Pods Manifest.lock";
			outputPaths = (
				"$(DERIVED_FILE_DIR)/Pods-Instagram Clone-checkManifestLockResult.txt",
			);
			runOnlyForDeploymentPostprocessing = 0;
			shellPath = /bin/sh;
			shellScript = "diff \"${PODS_PODFILE_DIR_PATH}/Podfile.lock\" \"${PODS_ROOT}/Manifest.lock\" > /dev/null\nif [ $? != 0 ] ; then\n    # print error to STDERR\n    echo \"error: The sandbox is not in sync with the Podfile.lock. Run 'pod install' or update your CocoaPods installation.\" >&2\n    exit 1\nfi\n# This output is used by Xcode 'outputs' to avoid re-running this script phase.\necho \"SUCCESS\" > \"${SCRIPT_OUTPUT_FILE_0}\"\n";
			showEnvVarsInLog = 0;
		};
/* End PBXShellScriptBuildPhase section */

/* Begin PBXSourcesBuildPhase section */
		142991F22272F79F00BC80DA /* Sources */ = {
			isa = PBXSourcesBuildPhase;
			buildActionMask = 2147483647;
			files = (
				143873BB22803A99000B14F7 /* FetchStoriesUseCase.swift in Sources */,
				14A58ECA22800F4C00183A98 /* PostViewController.swift in Sources */,
				14981BE0227FD3EB0024BCEB /* BaseViewController.swift in Sources */,
				14937BA822731A3900AD00F8 /* Spacing.swift in Sources */,
				141C4C582282DEB200C3DB0C /* PostInteractionView.swift in Sources */,
				14A58ECC22800F5D00183A98 /* StoryViewController.swift in Sources */,
				14BE625B2285115A007FBE77 /* UIView+Extensions.swift in Sources */,
				141C4C4E2282DE4400C3DB0C /* PostCell.swift in Sources */,
				14A58EC4227FFF4200183A98 /* CreateScreenViewController.swift in Sources */,
				143873C12280525F000B14F7 /* YourStoryCell.swift in Sources */,
				141C4C5A2282F4AB00C3DB0C /* UIImage+Extension.swift in Sources */,
				14277E14227C439F00FF362C /* LoginButton.swift in Sources */,
				14277E0A227C26E300FF362C /* UseCase.swift in Sources */,
				14A58EC2227FFF3800183A98 /* ProfileScreenViewController.swift in Sources */,
				1429922A2272F85500BC80DA /* LoginScreenViewController.swift in Sources */,
				14BE625D22852216007FBE77 /* UIImageView+Extensions.swift in Sources */,
				14A58EC8227FFF5C00183A98 /* FeedScreenViewController.swift in Sources */,
				143873B922803A78000B14F7 /* Story.swift in Sources */,
				14114BE5227FE307005E161E /* HomeNavigationViewController.swift in Sources */,
				141C4C542282DE8E00C3DB0C /* PostCreatorView.swift in Sources */,
				1429922E2272F91400BC80DA /* LoginProtocols.swift in Sources */,
				143873BD22803AA8000B14F7 /* StoryCell.swift in Sources */,
				14277E0E227C283100FF362C /* LoginResponse.swift in Sources */,
				14A58EC6227FFF4C00183A98 /* SearchScreenViewController.swift in Sources */,
				141C4C502282DE5D00C3DB0C /* Post.swift in Sources */,
				141FCF51228019BA00078ED3 /* GenericCollectionView.swift in Sources */,
				14A58EC0227FFF2D00183A98 /* NotificationScreenViewController.swift in Sources */,
				1429922C2272F8EA00BC80DA /* LoginScreenView.swift in Sources */,
				14029A6C22857089009367F6 /* UILabel+Extensions.swift in Sources */,
				14937BA522730EBB00AD00F8 /* UIColor+Extension.swift in Sources */,
				141C4C562282DE9F00C3DB0C /* PostContentView.swift in Sources */,
				14937BA322730C1600AD00F8 /* String+Extension.swift in Sources */,
				141C4C522282DE7E00C3DB0C /* FetchPostsUseCase.swift in Sources */,
				142991FA2272F79F00BC80DA /* AppDelegate.swift in Sources */,
				14277E0C227C273E00FF362C /* LoginUseCase.swift in Sources */,
				14277E10227C289500FF362C /* User.swift in Sources */,
				14BE625F228527ED007FBE77 /* UIButton+Extensions.swift in Sources */,
			);
			runOnlyForDeploymentPostprocessing = 0;
		};
		142992062272F7A100BC80DA /* Sources */ = {
			isa = PBXSourcesBuildPhase;
			buildActionMask = 2147483647;
			files = (
				1429920F2272F7A100BC80DA /* Instagram_CloneTests.swift in Sources */,
			);
			runOnlyForDeploymentPostprocessing = 0;
		};
		142992112272F7A100BC80DA /* Sources */ = {
			isa = PBXSourcesBuildPhase;
			buildActionMask = 2147483647;
			files = (
				1429921A2272F7A100BC80DA /* Instagram_CloneUITests.swift in Sources */,
			);
			runOnlyForDeploymentPostprocessing = 0;
		};
/* End PBXSourcesBuildPhase section */

/* Begin PBXTargetDependency section */
		1429920C2272F7A100BC80DA /* PBXTargetDependency */ = {
			isa = PBXTargetDependency;
			target = 142991F52272F79F00BC80DA /* Instagram Clone */;
			targetProxy = 1429920B2272F7A100BC80DA /* PBXContainerItemProxy */;
		};
		142992172272F7A100BC80DA /* PBXTargetDependency */ = {
			isa = PBXTargetDependency;
			target = 142991F52272F79F00BC80DA /* Instagram Clone */;
			targetProxy = 142992162272F7A100BC80DA /* PBXContainerItemProxy */;
		};
/* End PBXTargetDependency section */

/* Begin PBXVariantGroup section */
		142992022272F7A100BC80DA /* LaunchScreen.storyboard */ = {
			isa = PBXVariantGroup;
			children = (
				142992032272F7A100BC80DA /* Base */,
			);
			name = LaunchScreen.storyboard;
			sourceTree = "<group>";
		};
/* End PBXVariantGroup section */

/* Begin XCBuildConfiguration section */
		1429921C2272F7A100BC80DA /* Debug */ = {
			isa = XCBuildConfiguration;
			buildSettings = {
				ALWAYS_SEARCH_USER_PATHS = NO;
				CLANG_ANALYZER_NONNULL = YES;
				CLANG_ANALYZER_NUMBER_OBJECT_CONVERSION = YES_AGGRESSIVE;
				CLANG_CXX_LANGUAGE_STANDARD = "gnu++14";
				CLANG_CXX_LIBRARY = "libc++";
				CLANG_ENABLE_MODULES = YES;
				CLANG_ENABLE_OBJC_ARC = YES;
				CLANG_ENABLE_OBJC_WEAK = YES;
				CLANG_WARN_BLOCK_CAPTURE_AUTORELEASING = YES;
				CLANG_WARN_BOOL_CONVERSION = YES;
				CLANG_WARN_COMMA = YES;
				CLANG_WARN_CONSTANT_CONVERSION = YES;
				CLANG_WARN_DEPRECATED_OBJC_IMPLEMENTATIONS = YES;
				CLANG_WARN_DIRECT_OBJC_ISA_USAGE = YES_ERROR;
				CLANG_WARN_DOCUMENTATION_COMMENTS = YES;
				CLANG_WARN_EMPTY_BODY = YES;
				CLANG_WARN_ENUM_CONVERSION = YES;
				CLANG_WARN_INFINITE_RECURSION = YES;
				CLANG_WARN_INT_CONVERSION = YES;
				CLANG_WARN_NON_LITERAL_NULL_CONVERSION = YES;
				CLANG_WARN_OBJC_IMPLICIT_RETAIN_SELF = YES;
				CLANG_WARN_OBJC_LITERAL_CONVERSION = YES;
				CLANG_WARN_OBJC_ROOT_CLASS = YES_ERROR;
				CLANG_WARN_RANGE_LOOP_ANALYSIS = YES;
				CLANG_WARN_STRICT_PROTOTYPES = YES;
				CLANG_WARN_SUSPICIOUS_MOVE = YES;
				CLANG_WARN_UNGUARDED_AVAILABILITY = YES_AGGRESSIVE;
				CLANG_WARN_UNREACHABLE_CODE = YES;
				CLANG_WARN__DUPLICATE_METHOD_MATCH = YES;
				CODE_SIGN_IDENTITY = "iPhone Developer";
				COPY_PHASE_STRIP = NO;
				DEBUG_INFORMATION_FORMAT = dwarf;
				ENABLE_STRICT_OBJC_MSGSEND = YES;
				ENABLE_TESTABILITY = YES;
				GCC_C_LANGUAGE_STANDARD = gnu11;
				GCC_DYNAMIC_NO_PIC = NO;
				GCC_NO_COMMON_BLOCKS = YES;
				GCC_OPTIMIZATION_LEVEL = 0;
				GCC_PREPROCESSOR_DEFINITIONS = (
					"DEBUG=1",
					"$(inherited)",
				);
				GCC_WARN_64_TO_32_BIT_CONVERSION = YES;
				GCC_WARN_ABOUT_RETURN_TYPE = YES_ERROR;
				GCC_WARN_UNDECLARED_SELECTOR = YES;
				GCC_WARN_UNINITIALIZED_AUTOS = YES_AGGRESSIVE;
				GCC_WARN_UNUSED_FUNCTION = YES;
				GCC_WARN_UNUSED_VARIABLE = YES;
				IPHONEOS_DEPLOYMENT_TARGET = 12.2;
				MTL_ENABLE_DEBUG_INFO = INCLUDE_SOURCE;
				MTL_FAST_MATH = YES;
				ONLY_ACTIVE_ARCH = YES;
				SDKROOT = iphoneos;
				SWIFT_ACTIVE_COMPILATION_CONDITIONS = DEBUG;
				SWIFT_OPTIMIZATION_LEVEL = "-Onone";
			};
			name = Debug;
		};
		1429921D2272F7A100BC80DA /* Release */ = {
			isa = XCBuildConfiguration;
			buildSettings = {
				ALWAYS_SEARCH_USER_PATHS = NO;
				CLANG_ANALYZER_NONNULL = YES;
				CLANG_ANALYZER_NUMBER_OBJECT_CONVERSION = YES_AGGRESSIVE;
				CLANG_CXX_LANGUAGE_STANDARD = "gnu++14";
				CLANG_CXX_LIBRARY = "libc++";
				CLANG_ENABLE_MODULES = YES;
				CLANG_ENABLE_OBJC_ARC = YES;
				CLANG_ENABLE_OBJC_WEAK = YES;
				CLANG_WARN_BLOCK_CAPTURE_AUTORELEASING = YES;
				CLANG_WARN_BOOL_CONVERSION = YES;
				CLANG_WARN_COMMA = YES;
				CLANG_WARN_CONSTANT_CONVERSION = YES;
				CLANG_WARN_DEPRECATED_OBJC_IMPLEMENTATIONS = YES;
				CLANG_WARN_DIRECT_OBJC_ISA_USAGE = YES_ERROR;
				CLANG_WARN_DOCUMENTATION_COMMENTS = YES;
				CLANG_WARN_EMPTY_BODY = YES;
				CLANG_WARN_ENUM_CONVERSION = YES;
				CLANG_WARN_INFINITE_RECURSION = YES;
				CLANG_WARN_INT_CONVERSION = YES;
				CLANG_WARN_NON_LITERAL_NULL_CONVERSION = YES;
				CLANG_WARN_OBJC_IMPLICIT_RETAIN_SELF = YES;
				CLANG_WARN_OBJC_LITERAL_CONVERSION = YES;
				CLANG_WARN_OBJC_ROOT_CLASS = YES_ERROR;
				CLANG_WARN_RANGE_LOOP_ANALYSIS = YES;
				CLANG_WARN_STRICT_PROTOTYPES = YES;
				CLANG_WARN_SUSPICIOUS_MOVE = YES;
				CLANG_WARN_UNGUARDED_AVAILABILITY = YES_AGGRESSIVE;
				CLANG_WARN_UNREACHABLE_CODE = YES;
				CLANG_WARN__DUPLICATE_METHOD_MATCH = YES;
				CODE_SIGN_IDENTITY = "iPhone Developer";
				COPY_PHASE_STRIP = NO;
				DEBUG_INFORMATION_FORMAT = "dwarf-with-dsym";
				ENABLE_NS_ASSERTIONS = NO;
				ENABLE_STRICT_OBJC_MSGSEND = YES;
				GCC_C_LANGUAGE_STANDARD = gnu11;
				GCC_NO_COMMON_BLOCKS = YES;
				GCC_WARN_64_TO_32_BIT_CONVERSION = YES;
				GCC_WARN_ABOUT_RETURN_TYPE = YES_ERROR;
				GCC_WARN_UNDECLARED_SELECTOR = YES;
				GCC_WARN_UNINITIALIZED_AUTOS = YES_AGGRESSIVE;
				GCC_WARN_UNUSED_FUNCTION = YES;
				GCC_WARN_UNUSED_VARIABLE = YES;
				IPHONEOS_DEPLOYMENT_TARGET = 12.2;
				MTL_ENABLE_DEBUG_INFO = NO;
				MTL_FAST_MATH = YES;
				SDKROOT = iphoneos;
				SWIFT_COMPILATION_MODE = wholemodule;
				SWIFT_OPTIMIZATION_LEVEL = "-O";
				VALIDATE_PRODUCT = YES;
			};
			name = Release;
		};
		1429921F2272F7A100BC80DA /* Debug */ = {
			isa = XCBuildConfiguration;
			baseConfigurationReference = A05DBCE4800D505DA54785FB /* Pods-Instagram Clone.debug.xcconfig */;
			buildSettings = {
				ASSETCATALOG_COMPILER_APPICON_NAME = AppIcon;
				CODE_SIGN_STYLE = Automatic;
				DEVELOPMENT_TEAM = JBZT66W7TF;
				INFOPLIST_FILE = "Instagram Clone/Info.plist";
				IPHONEOS_DEPLOYMENT_TARGET = 9.0;
				LD_RUNPATH_SEARCH_PATHS = (
					"$(inherited)",
					"@executable_path/Frameworks",
				);
				PRODUCT_BUNDLE_IDENTIFIER = "vn.bachld.Instagram-Clone";
				PRODUCT_NAME = "$(TARGET_NAME)";
				SWIFT_VERSION = 5.0;
				TARGETED_DEVICE_FAMILY = "1,2";
			};
			name = Debug;
		};
		142992202272F7A100BC80DA /* Release */ = {
			isa = XCBuildConfiguration;
			baseConfigurationReference = 03F5029DF94966790E4B9147 /* Pods-Instagram Clone.release.xcconfig */;
			buildSettings = {
				ASSETCATALOG_COMPILER_APPICON_NAME = AppIcon;
				CODE_SIGN_STYLE = Automatic;
				DEVELOPMENT_TEAM = JBZT66W7TF;
				INFOPLIST_FILE = "Instagram Clone/Info.plist";
				IPHONEOS_DEPLOYMENT_TARGET = 9.0;
				LD_RUNPATH_SEARCH_PATHS = (
					"$(inherited)",
					"@executable_path/Frameworks",
				);
				PRODUCT_BUNDLE_IDENTIFIER = "vn.bachld.Instagram-Clone";
				PRODUCT_NAME = "$(TARGET_NAME)";
				SWIFT_VERSION = 5.0;
				TARGETED_DEVICE_FAMILY = "1,2";
			};
			name = Release;
		};
		142992222272F7A100BC80DA /* Debug */ = {
			isa = XCBuildConfiguration;
			baseConfigurationReference = 1E543D0C5A54A7F0FEBD87AB /* Pods-Instagram CloneTests.debug.xcconfig */;
			buildSettings = {
				ALWAYS_EMBED_SWIFT_STANDARD_LIBRARIES = YES;
				BUNDLE_LOADER = "$(TEST_HOST)";
				CODE_SIGN_STYLE = Automatic;
				DEVELOPMENT_TEAM = JBZT66W7TF;
				INFOPLIST_FILE = "Instagram CloneTests/Info.plist";
				LD_RUNPATH_SEARCH_PATHS = (
					"$(inherited)",
					"@executable_path/Frameworks",
					"@loader_path/Frameworks",
				);
				PRODUCT_BUNDLE_IDENTIFIER = "vn.bachld.Instagram-CloneTests";
				PRODUCT_NAME = "$(TARGET_NAME)";
				SWIFT_VERSION = 5.0;
				TARGETED_DEVICE_FAMILY = "1,2";
				TEST_HOST = "$(BUILT_PRODUCTS_DIR)/Instagram Clone.app/Instagram Clone";
			};
			name = Debug;
		};
		142992232272F7A100BC80DA /* Release */ = {
			isa = XCBuildConfiguration;
			baseConfigurationReference = BCF808278B770BA24D46EA6F /* Pods-Instagram CloneTests.release.xcconfig */;
			buildSettings = {
				ALWAYS_EMBED_SWIFT_STANDARD_LIBRARIES = YES;
				BUNDLE_LOADER = "$(TEST_HOST)";
				CODE_SIGN_STYLE = Automatic;
				DEVELOPMENT_TEAM = JBZT66W7TF;
				INFOPLIST_FILE = "Instagram CloneTests/Info.plist";
				LD_RUNPATH_SEARCH_PATHS = (
					"$(inherited)",
					"@executable_path/Frameworks",
					"@loader_path/Frameworks",
				);
				PRODUCT_BUNDLE_IDENTIFIER = "vn.bachld.Instagram-CloneTests";
				PRODUCT_NAME = "$(TARGET_NAME)";
				SWIFT_VERSION = 5.0;
				TARGETED_DEVICE_FAMILY = "1,2";
				TEST_HOST = "$(BUILT_PRODUCTS_DIR)/Instagram Clone.app/Instagram Clone";
			};
			name = Release;
		};
		142992252272F7A100BC80DA /* Debug */ = {
			isa = XCBuildConfiguration;
			baseConfigurationReference = 7E66529142AAE7FDD7589FDE /* Pods-Instagram CloneUITests.debug.xcconfig */;
			buildSettings = {
				ALWAYS_EMBED_SWIFT_STANDARD_LIBRARIES = YES;
				CODE_SIGN_STYLE = Automatic;
				DEVELOPMENT_TEAM = JBZT66W7TF;
				INFOPLIST_FILE = "Instagram CloneUITests/Info.plist";
				LD_RUNPATH_SEARCH_PATHS = (
					"$(inherited)",
					"@executable_path/Frameworks",
					"@loader_path/Frameworks",
				);
				PRODUCT_BUNDLE_IDENTIFIER = "vn.bachld.Instagram-CloneUITests";
				PRODUCT_NAME = "$(TARGET_NAME)";
				SWIFT_VERSION = 5.0;
				TARGETED_DEVICE_FAMILY = "1,2";
				TEST_TARGET_NAME = "Instagram Clone";
			};
			name = Debug;
		};
		142992262272F7A100BC80DA /* Release */ = {
			isa = XCBuildConfiguration;
			baseConfigurationReference = 5FDB21AB0E6D8C36F240696D /* Pods-Instagram CloneUITests.release.xcconfig */;
			buildSettings = {
				ALWAYS_EMBED_SWIFT_STANDARD_LIBRARIES = YES;
				CODE_SIGN_STYLE = Automatic;
				DEVELOPMENT_TEAM = JBZT66W7TF;
				INFOPLIST_FILE = "Instagram CloneUITests/Info.plist";
				LD_RUNPATH_SEARCH_PATHS = (
					"$(inherited)",
					"@executable_path/Frameworks",
					"@loader_path/Frameworks",
				);
				PRODUCT_BUNDLE_IDENTIFIER = "vn.bachld.Instagram-CloneUITests";
				PRODUCT_NAME = "$(TARGET_NAME)";
				SWIFT_VERSION = 5.0;
				TARGETED_DEVICE_FAMILY = "1,2";
				TEST_TARGET_NAME = "Instagram Clone";
			};
			name = Release;
		};
/* End XCBuildConfiguration section */

/* Begin XCConfigurationList section */
		142991F12272F79F00BC80DA /* Build configuration list for PBXProject "Instagram Clone" */ = {
			isa = XCConfigurationList;
			buildConfigurations = (
				1429921C2272F7A100BC80DA /* Debug */,
				1429921D2272F7A100BC80DA /* Release */,
			);
			defaultConfigurationIsVisible = 0;
			defaultConfigurationName = Release;
		};
		1429921E2272F7A100BC80DA /* Build configuration list for PBXNativeTarget "Instagram Clone" */ = {
			isa = XCConfigurationList;
			buildConfigurations = (
				1429921F2272F7A100BC80DA /* Debug */,
				142992202272F7A100BC80DA /* Release */,
			);
			defaultConfigurationIsVisible = 0;
			defaultConfigurationName = Release;
		};
		142992212272F7A100BC80DA /* Build configuration list for PBXNativeTarget "Instagram CloneTests" */ = {
			isa = XCConfigurationList;
			buildConfigurations = (
				142992222272F7A100BC80DA /* Debug */,
				142992232272F7A100BC80DA /* Release */,
			);
			defaultConfigurationIsVisible = 0;
			defaultConfigurationName = Release;
		};
		142992242272F7A100BC80DA /* Build configuration list for PBXNativeTarget "Instagram CloneUITests" */ = {
			isa = XCConfigurationList;
			buildConfigurations = (
				142992252272F7A100BC80DA /* Debug */,
				142992262272F7A100BC80DA /* Release */,
			);
			defaultConfigurationIsVisible = 0;
			defaultConfigurationName = Release;
		};
/* End XCConfigurationList section */
	};
	rootObject = 142991EE2272F79F00BC80DA /* Project object */;
}
